
Microsoft Visual Studio Solution File, Format Version 12.00
# Visual Studio Version 16
VisualStudioVersion = 16.0.29709.97
MinimumVisualStudioVersion = 10.0.40219.1
Project("{FAE04EC0-301F-11D3-BF4B-00C04F79EFBC}") = "Randam_Name", "Randam_Name\Randam_Name.csproj", "{70185E87-9E25-44F1-B5F4-8922D15438AE}"
EndProject
Project("{2150E333-8FDC-42A3-9474-1A3956D46DE8}") = "Solution Items", "Solution Items", "{D4412066-9FE0-4A01-9A1C-F88C364ACDF6}"
	ProjectSection(SolutionItems) = preProject
		.editorconfig = .editorconfig
	EndProjectSection
EndProject
Global
	GlobalSection(SolutionConfigurationPlatforms) = preSolution
		Debug|Any CPU = Debug|Any CPU
		Release|Any CPU = Release|Any CPU
	EndGlobalSection
	GlobalSection(ProjectConfigurationPlatforms) = postSolution
		{70185E87-9E25-44F1-B5F4-8922D15438AE}.Debug|Any CPU.ActiveCfg = Debug|Any CPU
		{70185E87-9E25-44F1-B5F4-8922D15438AE}.Debug|Any CPU.Build.0 = Debug|Any CPU
		{70185E87-9E25-44F1-B5F4-8922D15438AE}.Release|Any CPU.ActiveCfg = Release|Any CPU
		{70185E87-9E25-44F1-B5F4-8922D15438AE}.Release|Any CPU.Build.0 = Release|Any CPU
	EndGlobalSection
	GlobalSection(SolutionProperties) = preSolution
		HideSolutionNode = FALSE
	EndGlobalSection
	GlobalSection(ExtensibilityGlobals) = postSolution
		SolutionGuid = {9D7F846F-6B41-44C2-8533-97E98CB68840}
	EndGlobalSection
EndGlobal
